
Microsoft Visual Studio Solution File, Format Version 12.00
# Visual Studio Version 17
VisualStudioVersion = 17.14.36518.9
MinimumVisualStudioVersion = 10.0.40219.1
Project("{8BC9CEB8-8B4A-11D0-8D11-00A0C91BC942}") = "00-01", "00-01\00-01.vcxproj", "{38DEFFBC-9508-4F1D-BE45-D3321BAA1B64}"
EndProject
Project("{2150E333-8FDC-42A3-9474-1A3956D46DE8}") = "ソリューション項目", "ソリューション項目", "{2022CB0F-8BAF-F49E-0C48-8EF4C96EC109}"
	ProjectSection(SolutionItems) = preProject
		.editorconfig = .editorconfig
	EndProjectSection
EndProject
Project("{8BC9CEB8-8B4A-11D0-8D11-00A0C91BC942}") = "01-01", "01-01\01-01.vcxproj", "{E599FC7A-138A-4DAF-8F08-7DEEFACB4E5B}"
EndProject
Project("{8BC9CEB8-8B4A-11D0-8D11-00A0C91BC942}") = "01-02", "01-02\01-02.vcxproj", "{B6F6C03C-A4F9-4AC3-9451-B52A6D84C1D5}"
EndProject
Project("{8BC9CEB8-8B4A-11D0-8D11-00A0C91BC942}") = "02-02", "02-02\02-02.vcxproj", "{594F3255-D23B-4896-B62F-75AF0FE1B075}"
EndProject
Project("{8BC9CEB8-8B4A-11D0-8D11-00A0C91BC942}") = "02-04", "02-04\02-04.vcxproj", "{12ECC33B-7F13-4A7D-9979-2D16FFEF6912}"
EndProject
Project("{8BC9CEB8-8B4A-11D0-8D11-00A0C91BC942}") = "02-03", "02-03\02-03.vcxproj", "{99DBB67C-8850-4380-B2CA-47A9E8CBBA6E}"
EndProject
Project("{8BC9CEB8-8B4A-11D0-8D11-00A0C91BC942}") = "03-01", "03-01\03-01.vcxproj", "{A3FA8888-253F-4846-8D6F-76458BF56155}"
EndProject
Project("{8BC9CEB8-8B4A-11D0-8D11-00A0C91BC942}") = "03-02", "03-02\03-02.vcxproj", "{690392AD-7C89-47CE-9CF6-4721219B6953}"
EndProject
Project("{8BC9CEB8-8B4A-11D0-8D11-00A0C91BC942}") = "03-03", "03-03\03-03.vcxproj", "{ADEEA022-1252-4256-ADAE-3C529CE3A185}"
EndProject
Project("{8BC9CEB8-8B4A-11D0-8D11-00A0C91BC942}") = "03-04", "03-04\03-04.vcxproj", "{F556420F-336B-4979-8C51-397FFB8A5B1E}"
EndProject
Project("{8BC9CEB8-8B4A-11D0-8D11-00A0C91BC942}") = "04-01", "04-01\04-01.vcxproj", "{97765F8D-0961-4BF9-B551-E051DC06F41C}"
EndProject
Project("{8BC9CEB8-8B4A-11D0-8D11-00A0C91BC942}") = "02-01", "02-01\pg3_02-01.vcxproj", "{66DA3432-5AF9-458C-A38C-783C1414FFC9}"
EndProject
Project("{8BC9CEB8-8B4A-11D0-8D11-00A0C91BC942}") = "05-02", "05-02\05-02.vcxproj", "{EEFC7278-0514-4B34-8562-6866298AF0B3}"
EndProject
Project("{8BC9CEB8-8B4A-11D0-8D11-00A0C91BC942}") = "06-01", "06-01\06-01.vcxproj", "{7B698AEF-08F8-4ABB-84B5-ECE0B004DF60}"
EndProject
Project("{8BC9CEB8-8B4A-11D0-8D11-00A0C91BC942}") = "06-02", "06-02\06-02.vcxproj", "{B6F81A77-D884-4571-8DA4-6A900F9A2BBD}"
EndProject
Global
	GlobalSection(SolutionConfigurationPlatforms) = preSolution
		Debug|x64 = Debug|x64
		Debug|x86 = Debug|x86
		Release|x64 = Release|x64
		Release|x86 = Release|x86
	EndGlobalSection
	GlobalSection(ProjectConfigurationPlatforms) = postSolution
		{38DEFFBC-9508-4F1D-BE45-D3321BAA1B64}.Debug|x64.ActiveCfg = Debug|x64
		{38DEFFBC-9508-4F1D-BE45-D3321BAA1B64}.Debug|x64.Build.0 = Debug|x64
		{38DEFFBC-9508-4F1D-BE45-D3321BAA1B64}.Debug|x86.ActiveCfg = Debug|Win32
		{38DEFFBC-9508-4F1D-BE45-D3321BAA1B64}.Debug|x86.Build.0 = Debug|Win32
		{38DEFFBC-9508-4F1D-BE45-D3321BAA1B64}.Release|x64.ActiveCfg = Release|x64
		{38DEFFBC-9508-4F1D-BE45-D3321BAA1B64}.Release|x64.Build.0 = Release|x64
		{38DEFFBC-9508-4F1D-BE45-D3321BAA1B64}.Release|x86.ActiveCfg = Release|Win32
		{38DEFFBC-9508-4F1D-BE45-D3321BAA1B64}.Release|x86.Build.0 = Release|Win32
		{E599FC7A-138A-4DAF-8F08-7DEEFACB4E5B}.Debug|x64.ActiveCfg = Debug|x64
		{E599FC7A-138A-4DAF-8F08-7DEEFACB4E5B}.Debug|x64.Build.0 = Debug|x64
		{E599FC7A-138A-4DAF-8F08-7DEEFACB4E5B}.Debug|x86.ActiveCfg = Debug|Win32
		{E599FC7A-138A-4DAF-8F08-7DEEFACB4E5B}.Debug|x86.Build.0 = Debug|Win32
		{E599FC7A-138A-4DAF-8F08-7DEEFACB4E5B}.Release|x64.ActiveCfg = Release|x64
		{E599FC7A-138A-4DAF-8F08-7DEEFACB4E5B}.Release|x64.Build.0 = Release|x64
		{E599FC7A-138A-4DAF-8F08-7DEEFACB4E5B}.Release|x86.ActiveCfg = Release|Win32
		{E599FC7A-138A-4DAF-8F08-7DEEFACB4E5B}.Release|x86.Build.0 = Release|Win32
		{B6F6C03C-A4F9-4AC3-9451-B52A6D84C1D5}.Debug|x64.ActiveCfg = Debug|x64
		{B6F6C03C-A4F9-4AC3-9451-B52A6D84C1D5}.Debug|x64.Build.0 = Debug|x64
		{B6F6C03C-A4F9-4AC3-9451-B52A6D84C1D5}.Debug|x86.ActiveCfg = Debug|Win32
		{B6F6C03C-A4F9-4AC3-9451-B52A6D84C1D5}.Debug|x86.Build.0 = Debug|Win32
		{B6F6C03C-A4F9-4AC3-9451-B52A6D84C1D5}.Release|x64.ActiveCfg = Release|x64
		{B6F6C03C-A4F9-4AC3-9451-B52A6D84C1D5}.Release|x64.Build.0 = Release|x64
		{B6F6C03C-A4F9-4AC3-9451-B52A6D84C1D5}.Release|x86.ActiveCfg = Release|Win32
		{B6F6C03C-A4F9-4AC3-9451-B52A6D84C1D5}.Release|x86.Build.0 = Release|Win32
		{594F3255-D23B-4896-B62F-75AF0FE1B075}.Debug|x64.ActiveCfg = Debug|x64
		{594F3255-D23B-4896-B62F-75AF0FE1B075}.Debug|x64.Build.0 = Debug|x64
		{594F3255-D23B-4896-B62F-75AF0FE1B075}.Debug|x86.ActiveCfg = Debug|Win32
		{594F3255-D23B-4896-B62F-75AF0FE1B075}.Debug|x86.Build.0 = Debug|Win32
		{594F3255-D23B-4896-B62F-75AF0FE1B075}.Release|x64.ActiveCfg = Release|x64
		{594F3255-D23B-4896-B62F-75AF0FE1B075}.Release|x64.Build.0 = Release|x64
		{594F3255-D23B-4896-B62F-75AF0FE1B075}.Release|x86.ActiveCfg = Release|Win32
		{594F3255-D23B-4896-B62F-75AF0FE1B075}.Release|x86.Build.0 = Release|Win32
		{12ECC33B-7F13-4A7D-9979-2D16FFEF6912}.Debug|x64.ActiveCfg = Debug|x64
		{12ECC33B-7F13-4A7D-9979-2D16FFEF6912}.Debug|x64.Build.0 = Debug|x64
		{12ECC33B-7F13-4A7D-9979-2D16FFEF6912}.Debug|x86.ActiveCfg = Debug|Win32
		{12ECC33B-7F13-4A7D-9979-2D16FFEF6912}.Debug|x86.Build.0 = Debug|Win32
		{12ECC33B-7F13-4A7D-9979-2D16FFEF6912}.Release|x64.ActiveCfg = Release|x64
		{12ECC33B-7F13-4A7D-9979-2D16FFEF6912}.Release|x64.Build.0 = Release|x64
		{12ECC33B-7F13-4A7D-9979-2D16FFEF6912}.Release|x86.ActiveCfg = Release|Win32
		{12ECC33B-7F13-4A7D-9979-2D16FFEF6912}.Release|x86.Build.0 = Release|Win32
		{99DBB67C-8850-4380-B2CA-47A9E8CBBA6E}.Debug|x64.ActiveCfg = Debug|x64
		{99DBB67C-8850-4380-B2CA-47A9E8CBBA6E}.Debug|x64.Build.0 = Debug|x64
		{99DBB67C-8850-4380-B2CA-47A9E8CBBA6E}.Debug|x86.ActiveCfg = Debug|Win32
		{99DBB67C-8850-4380-B2CA-47A9E8CBBA6E}.Debug|x86.Build.0 = Debug|Win32
		{99DBB67C-8850-4380-B2CA-47A9E8CBBA6E}.Release|x64.ActiveCfg = Release|x64
		{99DBB67C-8850-4380-B2CA-47A9E8CBBA6E}.Release|x64.Build.0 = Release|x64
		{99DBB67C-8850-4380-B2CA-47A9E8CBBA6E}.Release|x86.ActiveCfg = Release|Win32
		{99DBB67C-8850-4380-B2CA-47A9E8CBBA6E}.Release|x86.Build.0 = Release|Win32
		{A3FA8888-253F-4846-8D6F-76458BF56155}.Debug|x64.ActiveCfg = Debug|x64
		{A3FA8888-253F-4846-8D6F-76458BF56155}.Debug|x64.Build.0 = Debug|x64
		{A3FA8888-253F-4846-8D6F-76458BF56155}.Debug|x86.ActiveCfg = Debug|Win32
		{A3FA8888-253F-4846-8D6F-76458BF56155}.Debug|x86.Build.0 = Debug|Win32
		{A3FA8888-253F-4846-8D6F-76458BF56155}.Release|x64.ActiveCfg = Release|x64
		{A3FA8888-253F-4846-8D6F-76458BF56155}.Release|x64.Build.0 = Release|x64
		{A3FA8888-253F-4846-8D6F-76458BF56155}.Release|x86.ActiveCfg = Release|Win32
		{A3FA8888-253F-4846-8D6F-76458BF56155}.Release|x86.Build.0 = Release|Win32
		{690392AD-7C89-47CE-9CF6-4721219B6953}.Debug|x64.ActiveCfg = Debug|x64
		{690392AD-7C89-47CE-9CF6-4721219B6953}.Debug|x64.Build.0 = Debug|x64
		{690392AD-7C89-47CE-9CF6-4721219B6953}.Debug|x86.ActiveCfg = Debug|Win32
		{690392AD-7C89-47CE-9CF6-4721219B6953}.Debug|x86.Build.0 = Debug|Win32
		{690392AD-7C89-47CE-9CF6-4721219B6953}.Release|x64.ActiveCfg = Release|x64
		{690392AD-7C89-47CE-9CF6-4721219B6953}.Release|x64.Build.0 = Release|x64
		{690392AD-7C89-47CE-9CF6-4721219B6953}.Release|x86.ActiveCfg = Release|Win32
		{690392AD-7C89-47CE-9CF6-4721219B6953}.Release|x86.Build.0 = Release|Win32
		{ADEEA022-1252-4256-ADAE-3C529CE3A185}.Debug|x64.ActiveCfg = Debug|x64
		{ADEEA022-1252-4256-ADAE-3C529CE3A185}.Debug|x64.Build.0 = Debug|x64
		{ADEEA022-1252-4256-ADAE-3C529CE3A185}.Debug|x86.ActiveCfg = Debug|Win32
		{ADEEA022-1252-4256-ADAE-3C529CE3A185}.Debug|x86.Build.0 = Debug|Win32
		{ADEEA022-1252-4256-ADAE-3C529CE3A185}.Release|x64.ActiveCfg = Release|x64
		{ADEEA022-1252-4256-ADAE-3C529CE3A185}.Release|x64.Build.0 = Release|x64
		{ADEEA022-1252-4256-ADAE-3C529CE3A185}.Release|x86.ActiveCfg = Release|Win32
		{ADEEA022-1252-4256-ADAE-3C529CE3A185}.Release|x86.Build.0 = Release|Win32
		{F556420F-336B-4979-8C51-397FFB8A5B1E}.Debug|x64.ActiveCfg = Debug|x64
		{F556420F-336B-4979-8C51-397FFB8A5B1E}.Debug|x64.Build.0 = Debug|x64
		{F556420F-336B-4979-8C51-397FFB8A5B1E}.Debug|x86.ActiveCfg = Debug|Win32
		{F556420F-336B-4979-8C51-397FFB8A5B1E}.Debug|x86.Build.0 = Debug|Win32
		{F556420F-336B-4979-8C51-397FFB8A5B1E}.Release|x64.ActiveCfg = Release|x64
		{F556420F-336B-4979-8C51-397FFB8A5B1E}.Release|x64.Build.0 = Release|x64
		{F556420F-336B-4979-8C51-397FFB8A5B1E}.Release|x86.ActiveCfg = Release|Win32
		{F556420F-336B-4979-8C51-397FFB8A5B1E}.Release|x86.Build.0 = Release|Win32
		{97765F8D-0961-4BF9-B551-E051DC06F41C}.Debug|x64.ActiveCfg = Debug|x64
		{97765F8D-0961-4BF9-B551-E051DC06F41C}.Debug|x64.Build.0 = Debug|x64
		{97765F8D-0961-4BF9-B551-E051DC06F41C}.Debug|x86.ActiveCfg = Debug|x64
		{97765F8D-0961-4BF9-B551-E051DC06F41C}.Debug|x86.Build.0 = Debug|x64
		{97765F8D-0961-4BF9-B551-E051DC06F41C}.Release|x64.ActiveCfg = Release|x64
		{97765F8D-0961-4BF9-B551-E051DC06F41C}.Release|x64.Build.0 = Release|x64
		{97765F8D-0961-4BF9-B551-E051DC06F41C}.Release|x86.ActiveCfg = Release|x64
		{97765F8D-0961-4BF9-B551-E051DC06F41C}.Release|x86.Build.0 = Release|x64
		{66DA3432-5AF9-458C-A38C-783C1414FFC9}.Debug|x64.ActiveCfg = Debug|x64
		{66DA3432-5AF9-458C-A38C-783C1414FFC9}.Debug|x64.Build.0 = Debug|x64
		{66DA3432-5AF9-458C-A38C-783C1414FFC9}.Debug|x86.ActiveCfg = Debug|Win32
		{66DA3432-5AF9-458C-A38C-783C1414FFC9}.Debug|x86.Build.0 = Debug|Win32
		{66DA3432-5AF9-458C-A38C-783C1414FFC9}.Release|x64.ActiveCfg = Release|x64
		{66DA3432-5AF9-458C-A38C-783C1414FFC9}.Release|x64.Build.0 = Release|x64
		{66DA3432-5AF9-458C-A38C-783C1414FFC9}.Release|x86.ActiveCfg = Release|Win32
		{66DA3432-5AF9-458C-A38C-783C1414FFC9}.Release|x86.Build.0 = Release|Win32
		{EEFC7278-0514-4B34-8562-6866298AF0B3}.Debug|x64.ActiveCfg = Debug|x64
		{EEFC7278-0514-4B34-8562-6866298AF0B3}.Debug|x64.Build.0 = Debug|x64
		{EEFC7278-0514-4B34-8562-6866298AF0B3}.Debug|x86.ActiveCfg = Debug|x64
		{EEFC7278-0514-4B34-8562-6866298AF0B3}.Debug|x86.Build.0 = Debug|x64
		{EEFC7278-0514-4B34-8562-6866298AF0B3}.Release|x64.ActiveCfg = Release|x64
		{EEFC7278-0514-4B34-8562-6866298AF0B3}.Release|x64.Build.0 = Release|x64
		{EEFC7278-0514-4B34-8562-6866298AF0B3}.Release|x86.ActiveCfg = Release|x64
		{EEFC7278-0514-4B34-8562-6866298AF0B3}.Release|x86.Build.0 = Release|x64
		{7B698AEF-08F8-4ABB-84B5-ECE0B004DF60}.Debug|x64.ActiveCfg = Debug|x64
		{7B698AEF-08F8-4ABB-84B5-ECE0B004DF60}.Debug|x64.Build.0 = Debug|x64
		{7B698AEF-08F8-4ABB-84B5-ECE0B004DF60}.Debug|x86.ActiveCfg = Debug|Win32
		{7B698AEF-08F8-4ABB-84B5-ECE0B004DF60}.Debug|x86.Build.0 = Debug|Win32
		{7B698AEF-08F8-4ABB-84B5-ECE0B004DF60}.Release|x64.ActiveCfg = Release|x64
		{7B698AEF-08F8-4ABB-84B5-ECE0B004DF60}.Release|x64.Build.0 = Release|x64
		{7B698AEF-08F8-4ABB-84B5-ECE0B004DF60}.Release|x86.ActiveCfg = Release|Win32
		{7B698AEF-08F8-4ABB-84B5-ECE0B004DF60}.Release|x86.Build.0 = Release|Win32
		{B6F81A77-D884-4571-8DA4-6A900F9A2BBD}.Debug|x64.ActiveCfg = Debug|x64
		{B6F81A77-D884-4571-8DA4-6A900F9A2BBD}.Debug|x64.Build.0 = Debug|x64
		{B6F81A77-D884-4571-8DA4-6A900F9A2BBD}.Debug|x86.ActiveCfg = Debug|Win32
		{B6F81A77-D884-4571-8DA4-6A900F9A2BBD}.Debug|x86.Build.0 = Debug|Win32
		{B6F81A77-D884-4571-8DA4-6A900F9A2BBD}.Release|x64.ActiveCfg = Release|x64
		{B6F81A77-D884-4571-8DA4-6A900F9A2BBD}.Release|x64.Build.0 = Release|x64
		{B6F81A77-D884-4571-8DA4-6A900F9A2BBD}.Release|x86.ActiveCfg = Release|Win32
		{B6F81A77-D884-4571-8DA4-6A900F9A2BBD}.Release|x86.Build.0 = Release|Win32
	EndGlobalSection
	GlobalSection(SolutionProperties) = preSolution
		HideSolutionNode = FALSE
	EndGlobalSection
	GlobalSection(ExtensibilityGlobals) = postSolution
		SolutionGuid = {78D7F85F-D592-4FE2-A3DB-0D522337BBDE}
	EndGlobalSection
EndGlobal
